
Microsoft Visual Studio Solution File, Format Version 12.00
Project("{FAE04EC0-301F-11D3-BF4B-00C04F79EFBC}") = "BudgetyWeb", "BudgetyWeb\BudgetyWeb.csproj", "{182AE381-EC50-471A-BC1F-EDFF34630F47}"
EndProject
Global
	GlobalSection(SolutionConfigurationPlatforms) = preSolution
		Debug|Any CPU = Debug|Any CPU
		Release|Any CPU = Release|Any CPU
	EndGlobalSection
	GlobalSection(ProjectConfigurationPlatforms) = postSolution
		{182AE381-EC50-471A-BC1F-EDFF34630F47}.Debug|Any CPU.ActiveCfg = Debug|Any CPU
		{182AE381-EC50-471A-BC1F-EDFF34630F47}.Debug|Any CPU.Build.0 = Debug|Any CPU
		{182AE381-EC50-471A-BC1F-EDFF34630F47}.Release|Any CPU.ActiveCfg = Release|Any CPU
		{182AE381-EC50-471A-BC1F-EDFF34630F47}.Release|Any CPU.Build.0 = Release|Any CPU
	EndGlobalSection
EndGlobal
